PODS:
  - JMMaskTextField (0.1.0)

DEPENDENCIES:
  - JMMaskTextField

SPEC REPOS:
  https://github.com/cocoapods/specs.git:
    - JMMaskTextField

SPEC CHECKSUMS:
  JMMaskTextField: ceb969a49a313663a041c6413a0284d921f65ba4

PODFILE CHECKSUM: b732dbc469d8e316286cd999de7b4ef89ec3189c

COCOAPODS: 1.5.3
